// !$*UTF8*$!
{
	archiveVersion = 1;
	classes = {
	};
	objectVersion = 56;
	objects = {

/* Begin PBXBuildFile section */
		BF06C4A52A04D42900EE9120 /* WebViews.swift in Sources */ = {isa = PBXBuildFile; fileRef = BF06C4A42A04D42900EE9120 /* WebViews.swift */; };
		BF06C4A82A04FD1F00EE9120 /* ReviewHandler.swift in Sources */ = {isa = PBXBuildFile; fileRef = BF06C4A72A04FD1F00EE9120 /* ReviewHandler.swift */; };
		BF14CFA82A049ADB00E437C6 /* Localizable.strings in Resources */ = {isa = PBXBuildFile; fileRef = BF14CFAA2A049ADB00E437C6 /* Localizable.strings */; };
		BFCACD102A0491E9009B0B85 /* LICENSE in Resources */ = {isa = PBXBuildFile; fileRef = BFCACD0F2A0491E9009B0B85 /* LICENSE */; };
		EA143BC82A01808200AE1FCA /* HBMihoyoAPI in Frameworks */ = {isa = PBXBuildFile; productRef = EA143BC72A01808200AE1FCA /* HBMihoyoAPI */; };
		EA2C064C2A04A0CA00A328E6 /* Account+CoreDataClass.swift in Sources */ = {isa = PBXBuildFile; fileRef = EA2C064A2A04A0CA00A328E6 /* Account+CoreDataClass.swift */; };
		EA2C064D2A04A0CA00A328E6 /* Account+CoreDataProperties.swift in Sources */ = {isa = PBXBuildFile; fileRef = EA2C064B2A04A0CA00A328E6 /* Account+CoreDataProperties.swift */; };
		EA2C064F2A04AAE000A328E6 /* EditAccountView.swift in Sources */ = {isa = PBXBuildFile; fileRef = EA2C064E2A04AAE000A328E6 /* EditAccountView.swift */; };
		EA2C06522A04AC5A00A328E6 /* TestAccountView.swift in Sources */ = {isa = PBXBuildFile; fileRef = EA2C06512A04AC5A00A328E6 /* TestAccountView.swift */; };
		EA2C06552A04ACE200A328E6 /* EditAccountSheetView.swift in Sources */ = {isa = PBXBuildFile; fileRef = EA2C06542A04ACE200A328E6 /* EditAccountSheetView.swift */; };
		EA32764D2A03851F00774126 /* Background.xcassets in Resources */ = {isa = PBXBuildFile; fileRef = EA32764C2A03851F00774126 /* Background.xcassets */; };
		EA32764F2A03852C00774126 /* Icon.xcassets in Resources */ = {isa = PBXBuildFile; fileRef = EA32764E2A03852C00774126 /* Icon.xcassets */; };
		EA37AEB42A02CDB900E4AADA /* SwifterSwift in Frameworks */ = {isa = PBXBuildFile; productRef = EA37AEB32A02CDB900E4AADA /* SwifterSwift */; };
		EA60BE5D2A05053200CBF10B /* AboutView.swift in Sources */ = {isa = PBXBuildFile; fileRef = EA60BE5B2A05053200CBF10B /* AboutView.swift */; };
		EA60BE5E2A05053200CBF10B /* ThanksView.swift in Sources */ = {isa = PBXBuildFile; fileRef = EA60BE5C2A05053200CBF10B /* ThanksView.swift */; };
		EA60BE622A050C5400CBF10B /* ScenePhaseOnChange.swift in Sources */ = {isa = PBXBuildFile; fileRef = EA60BE612A050C5400CBF10B /* ScenePhaseOnChange.swift */; };
		EA742BF72A020A3300ACB8E4 /* CreateAccountSheetView.swift in Sources */ = {isa = PBXBuildFile; fileRef = EA742BF62A020A3300ACB8E4 /* CreateAccountSheetView.swift */; };
		EA742BF92A020B8700ACB8E4 /* GetCookieWebView.swift in Sources */ = {isa = PBXBuildFile; fileRef = EA742BF82A020B8700ACB8E4 /* GetCookieWebView.swift */; };
		EA742BFC2A0238C500ACB8E4 /* AppConfig.swift in Sources */ = {isa = PBXBuildFile; fileRef = EA742BFB2A0238C500ACB8E4 /* AppConfig.swift */; };
		EA742BFE2A0238FC00ACB8E4 /* UserDefaultKeys.swift in Sources */ = {isa = PBXBuildFile; fileRef = EA742BFD2A0238FC00ACB8E4 /* UserDefaultKeys.swift */; };
		EA9D024C2A04BE3800796516 /* AccountDetailView.swift in Sources */ = {isa = PBXBuildFile; fileRef = EA9D024B2A04BE3800796516 /* AccountDetailView.swift */; };
		EAAD1AE82A04CE37002BDA86 /* DailyNoteCards.swift in Sources */ = {isa = PBXBuildFile; fileRef = EAAD1AE72A04CE37002BDA86 /* DailyNoteCards.swift */; };
		EADA63752A01FF8B00BF070F /* DailyNoteViewModel.swift in Sources */ = {isa = PBXBuildFile; fileRef = EADA63742A01FF8B00BF070F /* DailyNoteViewModel.swift */; };
		EADA63772A0201B200BF070F /* HomeView.swift in Sources */ = {isa = PBXBuildFile; fileRef = EADA63762A0201B200BF070F /* HomeView.swift */; };
		EAE37EBD2A02035300154432 /* Account+Server.swift in Sources */ = {isa = PBXBuildFile; fileRef = EAE37EBC2A02035300154432 /* Account+Server.swift */; };
		EAE37EBF2A0206AC00154432 /* SettingView.swift in Sources */ = {isa = PBXBuildFile; fileRef = EAE37EBE2A0206AC00154432 /* SettingView.swift */; };
		EAE37EC12A0206BC00154432 /* ManageAccountsView.swift in Sources */ = {isa = PBXBuildFile; fileRef = EAE37EC02A0206BC00154432 /* ManageAccountsView.swift */; };
		EAE519802A01738600EF23B7 /* HSRPizzaHelperApp.swift in Sources */ = {isa = PBXBuildFile; fileRef = EAE5197F2A01738600EF23B7 /* HSRPizzaHelperApp.swift */; };
		EAE519822A01738600EF23B7 /* ContentView.swift in Sources */ = {isa = PBXBuildFile; fileRef = EAE519812A01738600EF23B7 /* ContentView.swift */; };
		EAE519842A01738600EF23B7 /* Assets.xcassets in Resources */ = {isa = PBXBuildFile; fileRef = EAE519832A01738600EF23B7 /* Assets.xcassets */; };
		EAE519872A01738600EF23B7 /* Preview Assets.xcassets in Resources */ = {isa = PBXBuildFile; fileRef = EAE519862A01738600EF23B7 /* Preview Assets.xcassets */; };
		EAE519892A01738600EF23B7 /* Persistence.swift in Sources */ = {isa = PBXBuildFile; fileRef = EAE519882A01738600EF23B7 /* Persistence.swift */; };
		EAE5198C2A01738600EF23B7 /* HSRPizzaHelper.xcdatamodeld in Sources */ = {isa = PBXBuildFile; fileRef = EAE5198A2A01738600EF23B7 /* HSRPizzaHelper.xcdatamodeld */; };
		EAE519B12A0174D800EF23B7 /* SFSafeSymbols in Frameworks */ = {isa = PBXBuildFile; productRef = EAE519B02A0174D800EF23B7 /* SFSafeSymbols */; };
		EAE519B42A01752A00EF23B7 /* AlertToast in Frameworks */ = {isa = PBXBuildFile; productRef = EAE519B32A01752A00EF23B7 /* AlertToast */; };
		EAE519C52A01787000EF23B7 /* AccountViewModel.swift in Sources */ = {isa = PBXBuildFile; fileRef = EAE519C42A01787000EF23B7 /* AccountViewModel.swift */; };
		EAE519C72A01788F00EF23B7 /* Account.swift in Sources */ = {isa = PBXBuildFile; fileRef = EAE519C62A01788F00EF23B7 /* Account.swift */; };
		EAE519CE2A017BD300EF23B7 /* FetchStatus.swift in Sources */ = {isa = PBXBuildFile; fileRef = EAE519CD2A017BD300EF23B7 /* FetchStatus.swift */; };
		EAEC11E72A023E130024314D /* SwiftyUserDefaults in Frameworks */ = {isa = PBXBuildFile; productRef = EAEC11E62A023E130024314D /* SwiftyUserDefaults */; };
		EAEC11EB2A0241620024314D /* InAppDailyNoteCardView.swift in Sources */ = {isa = PBXBuildFile; fileRef = EAEC11EA2A0241620024314D /* InAppDailyNoteCardView.swift */; };
/* End PBXBuildFile section */

/* Begin PBXFileReference section */
		BF06C4A42A04D42900EE9120 /* WebViews.swift */ = {isa = PBXFileReference; lastKnownFileType = sourcecode.swift; path = WebViews.swift; sourceTree = "<group>"; };
		BF06C4A72A04FD1F00EE9120 /* ReviewHandler.swift */ = {isa = PBXFileReference; lastKnownFileType = sourcecode.swift; path = ReviewHandler.swift; sourceTree = "<group>"; };
		BF14CFA92A049ADB00E437C6 /* en */ = {isa = PBXFileReference; lastKnownFileType = text.plist.strings; name = en; path = en.lproj/Localizable.strings; sourceTree = "<group>"; };
		BF14CFAB2A049ADE00E437C6 /* zh-Hans */ = {isa = PBXFileReference; lastKnownFileType = text.plist.strings; name = "zh-Hans"; path = "zh-Hans.lproj/Localizable.strings"; sourceTree = "<group>"; };
		BF14CFAC2A049AE000E437C6 /* ja */ = {isa = PBXFileReference; lastKnownFileType = text.plist.strings; name = ja; path = ja.lproj/Localizable.strings; sourceTree = "<group>"; };
		BFCACD0F2A0491E9009B0B85 /* LICENSE */ = {isa = PBXFileReference; lastKnownFileType = text; path = LICENSE; sourceTree = "<group>"; };
		BFCACD112A04922E009B0B85 /* README.md */ = {isa = PBXFileReference; lastKnownFileType = net.daringfireball.markdown; path = README.md; sourceTree = "<group>"; };
		EA2C064A2A04A0CA00A328E6 /* Account+CoreDataClass.swift */ = {isa = PBXFileReference; lastKnownFileType = sourcecode.swift; path = "Account+CoreDataClass.swift"; sourceTree = "<group>"; };
		EA2C064B2A04A0CA00A328E6 /* Account+CoreDataProperties.swift */ = {isa = PBXFileReference; lastKnownFileType = sourcecode.swift; path = "Account+CoreDataProperties.swift"; sourceTree = "<group>"; };
		EA2C064E2A04AAE000A328E6 /* EditAccountView.swift */ = {isa = PBXFileReference; lastKnownFileType = sourcecode.swift; path = EditAccountView.swift; sourceTree = "<group>"; };
		EA2C06512A04AC5A00A328E6 /* TestAccountView.swift */ = {isa = PBXFileReference; lastKnownFileType = sourcecode.swift; path = TestAccountView.swift; sourceTree = "<group>"; };
		EA2C06542A04ACE200A328E6 /* EditAccountSheetView.swift */ = {isa = PBXFileReference; lastKnownFileType = sourcecode.swift; path = EditAccountSheetView.swift; sourceTree = "<group>"; };
		EA32764C2A03851F00774126 /* Background.xcassets */ = {isa = PBXFileReference; lastKnownFileType = folder.assetcatalog; path = Background.xcassets; sourceTree = "<group>"; };
		EA32764E2A03852C00774126 /* Icon.xcassets */ = {isa = PBXFileReference; lastKnownFileType = folder.assetcatalog; path = Icon.xcassets; sourceTree = "<group>"; };
		EA60BE5B2A05053200CBF10B /* AboutView.swift */ = {isa = PBXFileReference; fileEncoding = 4; lastKnownFileType = sourcecode.swift; path = AboutView.swift; sourceTree = "<group>"; };
		EA60BE5C2A05053200CBF10B /* ThanksView.swift */ = {isa = PBXFileReference; fileEncoding = 4; lastKnownFileType = sourcecode.swift; path = ThanksView.swift; sourceTree = "<group>"; };
		EA60BE612A050C5400CBF10B /* ScenePhaseOnChange.swift */ = {isa = PBXFileReference; lastKnownFileType = sourcecode.swift; path = ScenePhaseOnChange.swift; sourceTree = "<group>"; };
		EA742BF62A020A3300ACB8E4 /* CreateAccountSheetView.swift */ = {isa = PBXFileReference; lastKnownFileType = sourcecode.swift; path = CreateAccountSheetView.swift; sourceTree = "<group>"; };
		EA742BF82A020B8700ACB8E4 /* GetCookieWebView.swift */ = {isa = PBXFileReference; fileEncoding = 4; lastKnownFileType = sourcecode.swift; path = GetCookieWebView.swift; sourceTree = "<group>"; };
		EA742BFB2A0238C500ACB8E4 /* AppConfig.swift */ = {isa = PBXFileReference; lastKnownFileType = sourcecode.swift; path = AppConfig.swift; sourceTree = "<group>"; };
		EA742BFD2A0238FC00ACB8E4 /* UserDefaultKeys.swift */ = {isa = PBXFileReference; lastKnownFileType = sourcecode.swift; path = UserDefaultKeys.swift; sourceTree = "<group>"; };
		EA9D024B2A04BE3800796516 /* AccountDetailView.swift */ = {isa = PBXFileReference; lastKnownFileType = sourcecode.swift; path = AccountDetailView.swift; sourceTree = "<group>"; };
		EAAD1AE72A04CE37002BDA86 /* DailyNoteCards.swift */ = {isa = PBXFileReference; lastKnownFileType = sourcecode.swift; path = DailyNoteCards.swift; sourceTree = "<group>"; };
		EADA63742A01FF8B00BF070F /* DailyNoteViewModel.swift */ = {isa = PBXFileReference; lastKnownFileType = sourcecode.swift; path = DailyNoteViewModel.swift; sourceTree = "<group>"; };
		EADA63762A0201B200BF070F /* HomeView.swift */ = {isa = PBXFileReference; lastKnownFileType = sourcecode.swift; path = HomeView.swift; sourceTree = "<group>"; };
		EAE37EBC2A02035300154432 /* Account+Server.swift */ = {isa = PBXFileReference; lastKnownFileType = sourcecode.swift; path = "Account+Server.swift"; sourceTree = "<group>"; };
		EAE37EBE2A0206AC00154432 /* SettingView.swift */ = {isa = PBXFileReference; lastKnownFileType = sourcecode.swift; path = SettingView.swift; sourceTree = "<group>"; };
		EAE37EC02A0206BC00154432 /* ManageAccountsView.swift */ = {isa = PBXFileReference; lastKnownFileType = sourcecode.swift; path = ManageAccountsView.swift; sourceTree = "<group>"; };
		EAE5197C2A01738600EF23B7 /* HSRPizzaHelper.app */ = {isa = PBXFileReference; explicitFileType = wrapper.application; includeInIndex = 0; path = HSRPizzaHelper.app; sourceTree = BUILT_PRODUCTS_DIR; };
		EAE5197F2A01738600EF23B7 /* HSRPizzaHelperApp.swift */ = {isa = PBXFileReference; lastKnownFileType = sourcecode.swift; path = HSRPizzaHelperApp.swift; sourceTree = "<group>"; };
		EAE519812A01738600EF23B7 /* ContentView.swift */ = {isa = PBXFileReference; lastKnownFileType = sourcecode.swift; path = ContentView.swift; sourceTree = "<group>"; };
		EAE519832A01738600EF23B7 /* Assets.xcassets */ = {isa = PBXFileReference; lastKnownFileType = folder.assetcatalog; path = Assets.xcassets; sourceTree = "<group>"; };
		EAE519862A01738600EF23B7 /* Preview Assets.xcassets */ = {isa = PBXFileReference; lastKnownFileType = folder.assetcatalog; path = "Preview Assets.xcassets"; sourceTree = "<group>"; };
		EAE519882A01738600EF23B7 /* Persistence.swift */ = {isa = PBXFileReference; lastKnownFileType = sourcecode.swift; path = Persistence.swift; sourceTree = "<group>"; };
		EAE5198B2A01738600EF23B7 /* HSRPizzaHelper.xcdatamodel */ = {isa = PBXFileReference; lastKnownFileType = wrapper.xcdatamodel; path = HSRPizzaHelper.xcdatamodel; sourceTree = "<group>"; };
		EAE5198D2A01738600EF23B7 /* Info.plist */ = {isa = PBXFileReference; lastKnownFileType = text.plist.xml; path = Info.plist; sourceTree = "<group>"; };
		EAE519B92A01759D00EF23B7 /* HBMihoyoAPI */ = {isa = PBXFileReference; lastKnownFileType = wrapper; name = HBMihoyoAPI; path = Packages/HBMihoyoAPI; sourceTree = "<group>"; };
		EAE519C22A01771F00EF23B7 /* HSRPizzaHelper.entitlements */ = {isa = PBXFileReference; lastKnownFileType = text.plist.entitlements; path = HSRPizzaHelper.entitlements; sourceTree = "<group>"; };
		EAE519C42A01787000EF23B7 /* AccountViewModel.swift */ = {isa = PBXFileReference; lastKnownFileType = sourcecode.swift; path = AccountViewModel.swift; sourceTree = "<group>"; };
		EAE519C62A01788F00EF23B7 /* Account.swift */ = {isa = PBXFileReference; lastKnownFileType = sourcecode.swift; path = Account.swift; sourceTree = "<group>"; };
		EAE519CD2A017BD300EF23B7 /* FetchStatus.swift */ = {isa = PBXFileReference; lastKnownFileType = sourcecode.swift; path = FetchStatus.swift; sourceTree = "<group>"; };
		EAEC11EA2A0241620024314D /* InAppDailyNoteCardView.swift */ = {isa = PBXFileReference; lastKnownFileType = sourcecode.swift; path = InAppDailyNoteCardView.swift; sourceTree = "<group>"; };
/* End PBXFileReference section */

/* Begin PBXFrameworksBuildPhase section */
		EAE519792A01738600EF23B7 /* Frameworks */ = {
			isa = PBXFrameworksBuildPhase;
			buildActionMask = 2147483647;
			files = (
				EAE519B12A0174D800EF23B7 /* SFSafeSymbols in Frameworks */,
				EA143BC82A01808200AE1FCA /* HBMihoyoAPI in Frameworks */,
				EAEC11E72A023E130024314D /* SwiftyUserDefaults in Frameworks */,
				EA37AEB42A02CDB900E4AADA /* SwifterSwift in Frameworks */,
				EAE519B42A01752A00EF23B7 /* AlertToast in Frameworks */,
			);
			runOnlyForDeploymentPostprocessing = 0;
		};
/* End PBXFrameworksBuildPhase section */

/* Begin PBXGroup section */
		BF06C4A32A04D41A00EE9120 /* PublicViews */ = {
			isa = PBXGroup;
			children = (
				BF06C4A42A04D42900EE9120 /* WebViews.swift */,
			);
			path = PublicViews;
			sourceTree = "<group>";
		};
		BF14CFA72A049AC100E437C6 /* Internationalization */ = {
			isa = PBXGroup;
			children = (
				BF14CFAA2A049ADB00E437C6 /* Localizable.strings */,
			);
			path = Internationalization;
			sourceTree = "<group>";
		};
		EA143BC62A01808200AE1FCA /* Frameworks */ = {
			isa = PBXGroup;
			children = (
			);
			name = Frameworks;
			sourceTree = "<group>";
		};
		EA14BF922A04C595002EDBB4 /* System */ = {
			isa = PBXGroup;
			children = (
				EA14BF932A04C59C002EDBB4 /* View */,
			);
			path = System;
			sourceTree = "<group>";
		};
		EA14BF932A04C59C002EDBB4 /* View */ = {
			isa = PBXGroup;
			children = (
				EA60BE5B2A05053200CBF10B /* AboutView.swift */,
				EA60BE5C2A05053200CBF10B /* ThanksView.swift */,
			);
			path = View;
			sourceTree = "<group>";
		};
		EA2C06502A04AC5200A328E6 /* SubView */ = {
			isa = PBXGroup;
			children = (
				EA742BF82A020B8700ACB8E4 /* GetCookieWebView.swift */,
				EA2C064E2A04AAE000A328E6 /* EditAccountView.swift */,
				EA2C06512A04AC5A00A328E6 /* TestAccountView.swift */,
				EA9D024B2A04BE3800796516 /* AccountDetailView.swift */,
			);
			path = SubView;
			sourceTree = "<group>";
		};
		EA3276492A03850300774126 /* AppGroup */ = {
			isa = PBXGroup;
			children = (
				EA32764C2A03851F00774126 /* Background.xcassets */,
				EA32764E2A03852C00774126 /* Icon.xcassets */,
			);
			path = AppGroup;
			sourceTree = "<group>";
		};
		EA32764A2A03850600774126 /* AppOnly */ = {
			isa = PBXGroup;
			children = (
				EAE519832A01738600EF23B7 /* Assets.xcassets */,
			);
			path = AppOnly;
			sourceTree = "<group>";
		};
		EA60BE602A050C4000CBF10B /* View Modifier */ = {
			isa = PBXGroup;
			children = (
				EA60BE612A050C5400CBF10B /* ScenePhaseOnChange.swift */,
			);
			path = "View Modifier";
			sourceTree = "<group>";
		};
		EA742BFA2A02389A00ACB8E4 /* Daily Note */ = {
			isa = PBXGroup;
			children = (
				EAEC11E92A0241570024314D /* View */,
				EAEC11E82A0240850024314D /* ViewModel */,
			);
			path = "Daily Note";
			sourceTree = "<group>";
		};
		EAE519732A01738600EF23B7 = {
			isa = PBXGroup;
			children = (
				BFCACD112A04922E009B0B85 /* README.md */,
				BFCACD0F2A0491E9009B0B85 /* LICENSE */,
				EAE519C82A0178AD00EF23B7 /* Common Tools */,
				EAE519C12A0175F800EF23B7 /* Assets */,
				EAE519BA2A0175C200EF23B7 /* Features */,
				BF14CFA72A049AC100E437C6 /* Internationalization */,
				EAE519B72A01757400EF23B7 /* Packages */,
				EAE5197E2A01738600EF23B7 /* HSRPizzaHelper */,
				EAE5197D2A01738600EF23B7 /* Products */,
				EA143BC62A01808200AE1FCA /* Frameworks */,
			);
			sourceTree = "<group>";
		};
		EAE5197D2A01738600EF23B7 /* Products */ = {
			isa = PBXGroup;
			children = (
				EAE5197C2A01738600EF23B7 /* HSRPizzaHelper.app */,
			);
			name = Products;
			sourceTree = "<group>";
		};
		EAE5197E2A01738600EF23B7 /* HSRPizzaHelper */ = {
			isa = PBXGroup;
			children = (
				EAE519CA2A0178D100EF23B7 /* View */,
				EAE519C22A01771F00EF23B7 /* HSRPizzaHelper.entitlements */,
				EAE5197F2A01738600EF23B7 /* HSRPizzaHelperApp.swift */,
				EAE519812A01738600EF23B7 /* ContentView.swift */,
				EAE5198D2A01738600EF23B7 /* Info.plist */,
				EAE519852A01738600EF23B7 /* Preview Content */,
			);
			path = HSRPizzaHelper;
			sourceTree = "<group>";
		};
		EAE519852A01738600EF23B7 /* Preview Content */ = {
			isa = PBXGroup;
			children = (
				EAE519862A01738600EF23B7 /* Preview Assets.xcassets */,
			);
			path = "Preview Content";
			sourceTree = "<group>";
		};
		EAE519B72A01757400EF23B7 /* Packages */ = {
			isa = PBXGroup;
			children = (
				EAE519B92A01759D00EF23B7 /* HBMihoyoAPI */,
			);
			name = Packages;
			sourceTree = "<group>";
		};
		EAE519BA2A0175C200EF23B7 /* Features */ = {
			isa = PBXGroup;
			children = (
				EA14BF922A04C595002EDBB4 /* System */,
				EA742BFA2A02389A00ACB8E4 /* Daily Note */,
				EAE519BB2A0175DA00EF23B7 /* Manage Accounts */,
			);
			path = Features;
			sourceTree = "<group>";
		};
		EAE519BB2A0175DA00EF23B7 /* Manage Accounts */ = {
			isa = PBXGroup;
			children = (
				EAE519C02A0175F000EF23B7 /* Server */,
				EAE519BF2A0175E900EF23B7 /* ViewModel */,
				EAE519BE2A0175E600EF23B7 /* Model */,
				EAE519BC2A0175DD00EF23B7 /* View */,
			);
			path = "Manage Accounts";
			sourceTree = "<group>";
		};
		EAE519BC2A0175DD00EF23B7 /* View */ = {
			isa = PBXGroup;
			children = (
				EA2C06502A04AC5200A328E6 /* SubView */,
				EAE37EC02A0206BC00154432 /* ManageAccountsView.swift */,
				EA742BF62A020A3300ACB8E4 /* CreateAccountSheetView.swift */,
				EA2C06542A04ACE200A328E6 /* EditAccountSheetView.swift */,
			);
			path = View;
			sourceTree = "<group>";
		};
		EAE519BE2A0175E600EF23B7 /* Model */ = {
			isa = PBXGroup;
			children = (
				EA2C064A2A04A0CA00A328E6 /* Account+CoreDataClass.swift */,
				EA2C064B2A04A0CA00A328E6 /* Account+CoreDataProperties.swift */,
				EAE5198A2A01738600EF23B7 /* HSRPizzaHelper.xcdatamodeld */,
				EAE519C62A01788F00EF23B7 /* Account.swift */,
				EAE37EBC2A02035300154432 /* Account+Server.swift */,
			);
			path = Model;
			sourceTree = "<group>";
		};
		EAE519BF2A0175E900EF23B7 /* ViewModel */ = {
			isa = PBXGroup;
			children = (
				EAE519C42A01787000EF23B7 /* AccountViewModel.swift */,
			);
			path = ViewModel;
			sourceTree = "<group>";
		};
		EAE519C02A0175F000EF23B7 /* Server */ = {
			isa = PBXGroup;
			children = (
				EAE519882A01738600EF23B7 /* Persistence.swift */,
			);
			path = Server;
			sourceTree = "<group>";
		};
		EAE519C12A0175F800EF23B7 /* Assets */ = {
			isa = PBXGroup;
			children = (
				EA32764A2A03850600774126 /* AppOnly */,
				EA3276492A03850300774126 /* AppGroup */,
			);
			path = Assets;
			sourceTree = "<group>";
		};
		EAE519C82A0178AD00EF23B7 /* Common Tools */ = {
			isa = PBXGroup;
			children = (
				EA60BE602A050C4000CBF10B /* View Modifier */,
				EAE519CD2A017BD300EF23B7 /* FetchStatus.swift */,
				EA742BFB2A0238C500ACB8E4 /* AppConfig.swift */,
				EA742BFD2A0238FC00ACB8E4 /* UserDefaultKeys.swift */,
				BF06C4A72A04FD1F00EE9120 /* ReviewHandler.swift */,
			);
			path = "Common Tools";
			sourceTree = "<group>";
		};
		EAE519CA2A0178D100EF23B7 /* View */ = {
			isa = PBXGroup;
			children = (
				BF06C4A32A04D41A00EE9120 /* PublicViews */,
				EADA63762A0201B200BF070F /* HomeView.swift */,
				EAE37EBE2A0206AC00154432 /* SettingView.swift */,
			);
			path = View;
			sourceTree = "<group>";
		};
		EAEC11E82A0240850024314D /* ViewModel */ = {
			isa = PBXGroup;
			children = (
				EADA63742A01FF8B00BF070F /* DailyNoteViewModel.swift */,
			);
			path = ViewModel;
			sourceTree = "<group>";
		};
		EAEC11E92A0241570024314D /* View */ = {
			isa = PBXGroup;
			children = (
				EAEC11EA2A0241620024314D /* InAppDailyNoteCardView.swift */,
				EAAD1AE72A04CE37002BDA86 /* DailyNoteCards.swift */,
			);
			path = View;
			sourceTree = "<group>";
		};
/* End PBXGroup section */

/* Begin PBXNativeTarget section */
		EAE5197B2A01738600EF23B7 /* HSRPizzaHelper */ = {
			isa = PBXNativeTarget;
			buildConfigurationList = EAE519A62A01738600EF23B7 /* Build configuration list for PBXNativeTarget "HSRPizzaHelper" */;
			buildPhases = (
				EA60BE632A0510BC00CBF10B /* ShellScript */,
				EAF431162A02B7E4009B3C0D /* SwiftLintCheck */,
				EAE519782A01738600EF23B7 /* Sources */,
				EAE519792A01738600EF23B7 /* Frameworks */,
				EAE5197A2A01738600EF23B7 /* Resources */,
			);
			buildRules = (
			);
			dependencies = (
			);
			name = HSRPizzaHelper;
			packageProductDependencies = (
				EAE519B02A0174D800EF23B7 /* SFSafeSymbols */,
				EAE519B32A01752A00EF23B7 /* AlertToast */,
				EA143BC72A01808200AE1FCA /* HBMihoyoAPI */,
				EAEC11E62A023E130024314D /* SwiftyUserDefaults */,
				EA37AEB32A02CDB900E4AADA /* SwifterSwift */,
			);
			productName = HSRPizzaHelper;
			productReference = EAE5197C2A01738600EF23B7 /* HSRPizzaHelper.app */;
			productType = "com.apple.product-type.application";
		};
/* End PBXNativeTarget section */

/* Begin PBXProject section */
		EAE519742A01738600EF23B7 /* Project object */ = {
			isa = PBXProject;
			attributes = {
				BuildIndependentTargetsInParallel = 1;
				LastSwiftUpdateCheck = 1430;
				LastUpgradeCheck = 1430;
				TargetAttributes = {
					EAE5197B2A01738600EF23B7 = {
						CreatedOnToolsVersion = 14.3;
					};
				};
			};
			buildConfigurationList = EAE519772A01738600EF23B7 /* Build configuration list for PBXProject "HSRPizzaHelper" */;
			compatibilityVersion = "Xcode 14.0";
			developmentRegion = en;
			hasScannedForEncodings = 0;
			knownRegions = (
				en,
				Base,
				"zh-Hans",
				ja,
			);
			mainGroup = EAE519732A01738600EF23B7;
			packageReferences = (
				EAE519AF2A0174D800EF23B7 /* XCRemoteSwiftPackageReference "SFSafeSymbols" */,
				EAE519B22A01752A00EF23B7 /* XCRemoteSwiftPackageReference "AlertToast" */,
				EAEC11E52A023E130024314D /* XCRemoteSwiftPackageReference "SwiftyUserDefaults" */,
				EA37AEB22A02CDB900E4AADA /* XCRemoteSwiftPackageReference "SwifterSwift" */,
			);
			productRefGroup = EAE5197D2A01738600EF23B7 /* Products */;
			projectDirPath = "";
			projectRoot = "";
			targets = (
				EAE5197B2A01738600EF23B7 /* HSRPizzaHelper */,
			);
		};
/* End PBXProject section */

/* Begin PBXResourcesBuildPhase section */
		EAE5197A2A01738600EF23B7 /* Resources */ = {
			isa = PBXResourcesBuildPhase;
			buildActionMask = 2147483647;
			files = (
				EAE519872A01738600EF23B7 /* Preview Assets.xcassets in Resources */,
				BF14CFA82A049ADB00E437C6 /* Localizable.strings in Resources */,
				EAE519842A01738600EF23B7 /* Assets.xcassets in Resources */,
				EA32764F2A03852C00774126 /* Icon.xcassets in Resources */,
				EA32764D2A03851F00774126 /* Background.xcassets in Resources */,
				BFCACD102A0491E9009B0B85 /* LICENSE in Resources */,
			);
			runOnlyForDeploymentPostprocessing = 0;
		};
/* End PBXResourcesBuildPhase section */

/* Begin PBXShellScriptBuildPhase section */
		EA60BE632A0510BC00CBF10B /* ShellScript */ = {
			isa = PBXShellScriptBuildPhase;
			alwaysOutOfDate = 1;
			buildActionMask = 2147483647;
			files = (
			);
			inputFileListPaths = (
			);
			inputPaths = (
			);
			outputFileListPaths = (
			);
			outputPaths = (
			);
			runOnlyForDeploymentPostprocessing = 0;
			shellPath = /bin/sh;
			shellScript = "if [[ \"$(uname -m)\" == arm64 ]]; then\n    export PATH=\"/opt/homebrew/bin:$PATH\"\nfi\n\nif which swiftformat >/dev/null; then\n  swiftformat .\nelse\n  echo \"warning: SwiftFormat not installed, download from https://github.com/nicklockwood/SwiftFormat\"\nfi\n";
		};
		EAF431162A02B7E4009B3C0D /* SwiftLintCheck */ = {
			isa = PBXShellScriptBuildPhase;
			alwaysOutOfDate = 1;
			buildActionMask = 2147483647;
			files = (
			);
			inputFileListPaths = (
			);
			inputPaths = (
			);
			name = SwiftLintCheck;
			outputFileListPaths = (
			);
			outputPaths = (
			);
			runOnlyForDeploymentPostprocessing = 0;
			shellPath = /bin/sh;
			shellScript = "if [[ \"$(uname -m)\" == arm64 ]]; then\n    export PATH=\"/opt/homebrew/bin:$PATH\"\nfi\n\nif which swiftlint > /dev/null; then\n  swiftlint\nelse\n  echo \"warning: SwiftLint not installed, download from https://github.com/realm/SwiftLint\"\nfi\n";
		};
/* End PBXShellScriptBuildPhase section */

/* Begin PBXSourcesBuildPhase section */
		EAE519782A01738600EF23B7 /* Sources */ = {
			isa = PBXSourcesBuildPhase;
			buildActionMask = 2147483647;
			files = (
				EAE37EC12A0206BC00154432 /* ManageAccountsView.swift in Sources */,
				EA742BFC2A0238C500ACB8E4 /* AppConfig.swift in Sources */,
				EAE519892A01738600EF23B7 /* Persistence.swift in Sources */,
				EA60BE5E2A05053200CBF10B /* ThanksView.swift in Sources */,
				EAE519C52A01787000EF23B7 /* AccountViewModel.swift in Sources */,
				EA60BE622A050C5400CBF10B /* ScenePhaseOnChange.swift in Sources */,
				BF06C4A52A04D42900EE9120 /* WebViews.swift in Sources */,
				EAE37EBD2A02035300154432 /* Account+Server.swift in Sources */,
				EAE519CE2A017BD300EF23B7 /* FetchStatus.swift in Sources */,
				EADA63772A0201B200BF070F /* HomeView.swift in Sources */,
				EA2C064C2A04A0CA00A328E6 /* Account+CoreDataClass.swift in Sources */,
				EA742BF72A020A3300ACB8E4 /* CreateAccountSheetView.swift in Sources */,
				EAEC11EB2A0241620024314D /* InAppDailyNoteCardView.swift in Sources */,
				EA742BF92A020B8700ACB8E4 /* GetCookieWebView.swift in Sources */,
				EA2C06522A04AC5A00A328E6 /* TestAccountView.swift in Sources */,
				EAE519822A01738600EF23B7 /* ContentView.swift in Sources */,
				EADA63752A01FF8B00BF070F /* DailyNoteViewModel.swift in Sources */,
				EA2C06552A04ACE200A328E6 /* EditAccountSheetView.swift in Sources */,
				EA742BFE2A0238FC00ACB8E4 /* UserDefaultKeys.swift in Sources */,
				EA2C064F2A04AAE000A328E6 /* EditAccountView.swift in Sources */,
				EAE5198C2A01738600EF23B7 /* HSRPizzaHelper.xcdatamodeld in Sources */,
				EA2C064D2A04A0CA00A328E6 /* Account+CoreDataProperties.swift in Sources */,
				EAE519802A01738600EF23B7 /* HSRPizzaHelperApp.swift in Sources */,
				BF06C4A82A04FD1F00EE9120 /* ReviewHandler.swift in Sources */,
				EA60BE5D2A05053200CBF10B /* AboutView.swift in Sources */,
				EAE37EBF2A0206AC00154432 /* SettingView.swift in Sources */,
				EA9D024C2A04BE3800796516 /* AccountDetailView.swift in Sources */,
				EAE519C72A01788F00EF23B7 /* Account.swift in Sources */,
				EAAD1AE82A04CE37002BDA86 /* DailyNoteCards.swift in Sources */,
			);
			runOnlyForDeploymentPostprocessing = 0;
		};
/* End PBXSourcesBuildPhase section */

/* Begin PBXVariantGroup section */
		BF14CFAA2A049ADB00E437C6 /* Localizable.strings */ = {
			isa = PBXVariantGroup;
			children = (
				BF14CFA92A049ADB00E437C6 /* en */,
				BF14CFAB2A049ADE00E437C6 /* zh-Hans */,
				BF14CFAC2A049AE000E437C6 /* ja */,
			);
			name = Localizable.strings;
			sourceTree = "<group>";
		};
/* End PBXVariantGroup section */

/* Begin XCBuildConfiguration section */
		EAE519A42A01738600EF23B7 /* Debug */ = {
			isa = XCBuildConfiguration;
			buildSettings = {
				ALWAYS_SEARCH_USER_PATHS = NO;
				CLANG_ANALYZER_LOCALIZABILITY_NONLOCALIZED = YES;
				CLANG_ANALYZER_NONNULL = YES;
				CLANG_ANALYZER_NUMBER_OBJECT_CONVERSION = YES_AGGRESSIVE;
				CLANG_CXX_LANGUAGE_STANDARD = "gnu++20";
				CLANG_ENABLE_MODULES = YES;
				CLANG_ENABLE_OBJC_ARC = YES;
				CLANG_ENABLE_OBJC_WEAK = YES;
				CLANG_WARN_BLOCK_CAPTURE_AUTORELEASING = YES;
				CLANG_WARN_BOOL_CONVERSION = YES;
				CLANG_WARN_COMMA = YES;
				CLANG_WARN_CONSTANT_CONVERSION = YES;
				CLANG_WARN_DEPRECATED_OBJC_IMPLEMENTATIONS = YES;
				CLANG_WARN_DIRECT_OBJC_ISA_USAGE = YES_ERROR;
				CLANG_WARN_DOCUMENTATION_COMMENTS = YES;
				CLANG_WARN_EMPTY_BODY = YES;
				CLANG_WARN_ENUM_CONVERSION = YES;
				CLANG_WARN_INFINITE_RECURSION = YES;
				CLANG_WARN_INT_CONVERSION = YES;
				CLANG_WARN_NON_LITERAL_NULL_CONVERSION = YES;
				CLANG_WARN_OBJC_IMPLICIT_RETAIN_SELF = YES;
				CLANG_WARN_OBJC_LITERAL_CONVERSION = YES;
				CLANG_WARN_OBJC_ROOT_CLASS = YES_ERROR;
				CLANG_WARN_QUOTED_INCLUDE_IN_FRAMEWORK_HEADER = YES;
				CLANG_WARN_RANGE_LOOP_ANALYSIS = YES;
				CLANG_WARN_STRICT_PROTOTYPES = YES;
				CLANG_WARN_SUSPICIOUS_MOVE = YES;
				CLANG_WARN_UNGUARDED_AVAILABILITY = YES_AGGRESSIVE;
				CLANG_WARN_UNREACHABLE_CODE = YES;
				CLANG_WARN__DUPLICATE_METHOD_MATCH = YES;
				COPY_PHASE_STRIP = NO;
				DEBUG_INFORMATION_FORMAT = dwarf;
				ENABLE_STRICT_OBJC_MSGSEND = YES;
				ENABLE_TESTABILITY = YES;
				GCC_C_LANGUAGE_STANDARD = gnu11;
				GCC_DYNAMIC_NO_PIC = NO;
				GCC_NO_COMMON_BLOCKS = YES;
				GCC_OPTIMIZATION_LEVEL = 0;
				GCC_PREPROCESSOR_DEFINITIONS = (
					"DEBUG=1",
					"$(inherited)",
				);
				GCC_WARN_64_TO_32_BIT_CONVERSION = YES;
				GCC_WARN_ABOUT_RETURN_TYPE = YES_ERROR;
				GCC_WARN_UNDECLARED_SELECTOR = YES;
				GCC_WARN_UNINITIALIZED_AUTOS = YES_AGGRESSIVE;
				GCC_WARN_UNUSED_FUNCTION = YES;
				GCC_WARN_UNUSED_VARIABLE = YES;
				IPHONEOS_DEPLOYMENT_TARGET = 15.0;
				MTL_ENABLE_DEBUG_INFO = INCLUDE_SOURCE;
				MTL_FAST_MATH = YES;
				ONLY_ACTIVE_ARCH = YES;
				SDKROOT = iphoneos;
				SWIFT_ACTIVE_COMPILATION_CONDITIONS = DEBUG;
				SWIFT_OPTIMIZATION_LEVEL = "-Onone";
			};
			name = Debug;
		};
		EAE519A52A01738600EF23B7 /* Release */ = {
			isa = XCBuildConfiguration;
			buildSettings = {
				ALWAYS_SEARCH_USER_PATHS = NO;
				CLANG_ANALYZER_LOCALIZABILITY_NONLOCALIZED = YES;
				CLANG_ANALYZER_NONNULL = YES;
				CLANG_ANALYZER_NUMBER_OBJECT_CONVERSION = YES_AGGRESSIVE;
				CLANG_CXX_LANGUAGE_STANDARD = "gnu++20";
				CLANG_ENABLE_MODULES = YES;
				CLANG_ENABLE_OBJC_ARC = YES;
				CLANG_ENABLE_OBJC_WEAK = YES;
				CLANG_WARN_BLOCK_CAPTURE_AUTORELEASING = YES;
				CLANG_WARN_BOOL_CONVERSION = YES;
				CLANG_WARN_COMMA = YES;
				CLANG_WARN_CONSTANT_CONVERSION = YES;
				CLANG_WARN_DEPRECATED_OBJC_IMPLEMENTATIONS = YES;
				CLANG_WARN_DIRECT_OBJC_ISA_USAGE = YES_ERROR;
				CLANG_WARN_DOCUMENTATION_COMMENTS = YES;
				CLANG_WARN_EMPTY_BODY = YES;
				CLANG_WARN_ENUM_CONVERSION = YES;
				CLANG_WARN_INFINITE_RECURSION = YES;
				CLANG_WARN_INT_CONVERSION = YES;
				CLANG_WARN_NON_LITERAL_NULL_CONVERSION = YES;
				CLANG_WARN_OBJC_IMPLICIT_RETAIN_SELF = YES;
				CLANG_WARN_OBJC_LITERAL_CONVERSION = YES;
				CLANG_WARN_OBJC_ROOT_CLASS = YES_ERROR;
				CLANG_WARN_QUOTED_INCLUDE_IN_FRAMEWORK_HEADER = YES;
				CLANG_WARN_RANGE_LOOP_ANALYSIS = YES;
				CLANG_WARN_STRICT_PROTOTYPES = YES;
				CLANG_WARN_SUSPICIOUS_MOVE = YES;
				CLANG_WARN_UNGUARDED_AVAILABILITY = YES_AGGRESSIVE;
				CLANG_WARN_UNREACHABLE_CODE = YES;
				CLANG_WARN__DUPLICATE_METHOD_MATCH = YES;
				COPY_PHASE_STRIP = NO;
				DEBUG_INFORMATION_FORMAT = "dwarf-with-dsym";
				ENABLE_NS_ASSERTIONS = NO;
				ENABLE_STRICT_OBJC_MSGSEND = YES;
				GCC_C_LANGUAGE_STANDARD = gnu11;
				GCC_NO_COMMON_BLOCKS = YES;
				GCC_WARN_64_TO_32_BIT_CONVERSION = YES;
				GCC_WARN_ABOUT_RETURN_TYPE = YES_ERROR;
				GCC_WARN_UNDECLARED_SELECTOR = YES;
				GCC_WARN_UNINITIALIZED_AUTOS = YES_AGGRESSIVE;
				GCC_WARN_UNUSED_FUNCTION = YES;
				GCC_WARN_UNUSED_VARIABLE = YES;
				IPHONEOS_DEPLOYMENT_TARGET = 15.0;
				MTL_ENABLE_DEBUG_INFO = NO;
				MTL_FAST_MATH = YES;
				SDKROOT = iphoneos;
				SWIFT_COMPILATION_MODE = wholemodule;
				SWIFT_OPTIMIZATION_LEVEL = "-O";
				VALIDATE_PRODUCT = YES;
			};
			name = Release;
		};
		EAE519A72A01738600EF23B7 /* Debug */ = {
			isa = XCBuildConfiguration;
			buildSettings = {
				ASSETCATALOG_COMPILER_APPICON_NAME = AppIcon;
				ASSETCATALOG_COMPILER_GLOBAL_ACCENT_COLOR_NAME = AccentColor;
				CODE_SIGN_ENTITLEMENTS = HSRPizzaHelper/HSRPizzaHelper.entitlements;
				CODE_SIGN_STYLE = Automatic;
				CURRENT_PROJECT_VERSION = 1;
				DEVELOPMENT_ASSET_PATHS = "\"HSRPizzaHelper/Preview Content\"";
				DEVELOPMENT_TEAM = 45Z6V4YD5U;
				ENABLE_PREVIEWS = YES;
				GENERATE_INFOPLIST_FILE = YES;
				INFOPLIST_KEY_UIApplicationSceneManifest_Generation = YES;
				INFOPLIST_KEY_UIApplicationSupportsIndirectInputEvents = YES;
				INFOPLIST_KEY_UILaunchScreen_Generation = YES;
				INFOPLIST_KEY_UISupportedInterfaceOrientations_iPad = "UIInterfaceOrientationPortrait UIInterfaceOrientationPortraitUpsideDown UIInterfaceOrientationLandscapeLeft UIInterfaceOrientationLandscapeRight";
				INFOPLIST_KEY_UISupportedInterfaceOrientations_iPhone = "UIInterfaceOrientationPortrait UIInterfaceOrientationLandscapeLeft UIInterfaceOrientationLandscapeRight";
				IPHONEOS_DEPLOYMENT_TARGET = 15.0;
				LD_RUNPATH_SEARCH_PATHS = (
					"$(inherited)",
					"@executable_path/Frameworks",
				);
				MARKETING_VERSION = 1.0;
				PRODUCT_BUNDLE_IDENTIFIER = Canglong.HSRPizzaHelper;
				PRODUCT_NAME = "$(TARGET_NAME)";
				SWIFT_EMIT_LOC_STRINGS = YES;
				SWIFT_VERSION = 5.0;
				TARGETED_DEVICE_FAMILY = "1,2";
			};
			name = Debug;
		};
		EAE519A82A01738600EF23B7 /* Release */ = {
			isa = XCBuildConfiguration;
			buildSettings = {
				ASSETCATALOG_COMPILER_APPICON_NAME = AppIcon;
				ASSETCATALOG_COMPILER_GLOBAL_ACCENT_COLOR_NAME = AccentColor;
				CODE_SIGN_ENTITLEMENTS = HSRPizzaHelper/HSRPizzaHelper.entitlements;
				CODE_SIGN_STYLE = Automatic;
				CURRENT_PROJECT_VERSION = 1;
				DEVELOPMENT_ASSET_PATHS = "\"HSRPizzaHelper/Preview Content\"";
				DEVELOPMENT_TEAM = 45Z6V4YD5U;
				ENABLE_PREVIEWS = YES;
				GENERATE_INFOPLIST_FILE = YES;
				INFOPLIST_KEY_UIApplicationSceneManifest_Generation = YES;
				INFOPLIST_KEY_UIApplicationSupportsIndirectInputEvents = YES;
				INFOPLIST_KEY_UILaunchScreen_Generation = YES;
				INFOPLIST_KEY_UISupportedInterfaceOrientations_iPad = "UIInterfaceOrientationPortrait UIInterfaceOrientationPortraitUpsideDown UIInterfaceOrientationLandscapeLeft UIInterfaceOrientationLandscapeRight";
				INFOPLIST_KEY_UISupportedInterfaceOrientations_iPhone = "UIInterfaceOrientationPortrait UIInterfaceOrientationLandscapeLeft UIInterfaceOrientationLandscapeRight";
				IPHONEOS_DEPLOYMENT_TARGET = 15.0;
				LD_RUNPATH_SEARCH_PATHS = (
					"$(inherited)",
					"@executable_path/Frameworks",
				);
				MARKETING_VERSION = 1.0;
				PRODUCT_BUNDLE_IDENTIFIER = Canglong.HSRPizzaHelper;
				PRODUCT_NAME = "$(TARGET_NAME)";
				SWIFT_EMIT_LOC_STRINGS = YES;
				SWIFT_VERSION = 5.0;
				TARGETED_DEVICE_FAMILY = "1,2";
			};
			name = Release;
		};
/* End XCBuildConfiguration section */

/* Begin XCConfigurationList section */
		EAE519772A01738600EF23B7 /* Build configuration list for PBXProject "HSRPizzaHelper" */ = {
			isa = XCConfigurationList;
			buildConfigurations = (
				EAE519A42A01738600EF23B7 /* Debug */,
				EAE519A52A01738600EF23B7 /* Release */,
			);
			defaultConfigurationIsVisible = 0;
			defaultConfigurationName = Release;
		};
		EAE519A62A01738600EF23B7 /* Build configuration list for PBXNativeTarget "HSRPizzaHelper" */ = {
			isa = XCConfigurationList;
			buildConfigurations = (
				EAE519A72A01738600EF23B7 /* Debug */,
				EAE519A82A01738600EF23B7 /* Release */,
			);
			defaultConfigurationIsVisible = 0;
			defaultConfigurationName = Release;
		};
/* End XCConfigurationList section */

/* Begin XCRemoteSwiftPackageReference section */
		EA37AEB22A02CDB900E4AADA /* XCRemoteSwiftPackageReference "SwifterSwift" */ = {
			isa = XCRemoteSwiftPackageReference;
			repositoryURL = "https://github.com/SwifterSwift/SwifterSwift.git";
			requirement = {
				kind = upToNextMajorVersion;
				minimumVersion = 5.0.0;
			};
		};
		EAE519AF2A0174D800EF23B7 /* XCRemoteSwiftPackageReference "SFSafeSymbols" */ = {
			isa = XCRemoteSwiftPackageReference;
			repositoryURL = "https://github.com/SFSafeSymbols/SFSafeSymbols.git";
			requirement = {
				kind = upToNextMajorVersion;
				minimumVersion = 4.0.0;
			};
		};
		EAE519B22A01752A00EF23B7 /* XCRemoteSwiftPackageReference "AlertToast" */ = {
			isa = XCRemoteSwiftPackageReference;
			repositoryURL = "https://github.com/elai950/AlertToast.git";
			requirement = {
				kind = upToNextMajorVersion;
				minimumVersion = 1.0.0;
			};
		};
		EAEC11E52A023E130024314D /* XCRemoteSwiftPackageReference "SwiftyUserDefaults" */ = {
			isa = XCRemoteSwiftPackageReference;
			repositoryURL = "https://github.com/sunshinejr/SwiftyUserDefaults.git";
			requirement = {
				kind = upToNextMajorVersion;
				minimumVersion = 5.0.0;
			};
		};
/* End XCRemoteSwiftPackageReference section */

/* Begin XCSwiftPackageProductDependency section */
		EA143BC72A01808200AE1FCA /* HBMihoyoAPI */ = {
			isa = XCSwiftPackageProductDependency;
			productName = HBMihoyoAPI;
		};
		EA37AEB32A02CDB900E4AADA /* SwifterSwift */ = {
			isa = XCSwiftPackageProductDependency;
			package = EA37AEB22A02CDB900E4AADA /* XCRemoteSwiftPackageReference "SwifterSwift" */;
			productName = SwifterSwift;
		};
		EAE519B02A0174D800EF23B7 /* SFSafeSymbols */ = {
			isa = XCSwiftPackageProductDependency;
			package = EAE519AF2A0174D800EF23B7 /* XCRemoteSwiftPackageReference "SFSafeSymbols" */;
			productName = SFSafeSymbols;
		};
		EAE519B32A01752A00EF23B7 /* AlertToast */ = {
			isa = XCSwiftPackageProductDependency;
			package = EAE519B22A01752A00EF23B7 /* XCRemoteSwiftPackageReference "AlertToast" */;
			productName = AlertToast;
		};
		EAEC11E62A023E130024314D /* SwiftyUserDefaults */ = {
			isa = XCSwiftPackageProductDependency;
			package = EAEC11E52A023E130024314D /* XCRemoteSwiftPackageReference "SwiftyUserDefaults" */;
			productName = SwiftyUserDefaults;
		};
/* End XCSwiftPackageProductDependency section */

/* Begin XCVersionGroup section */
		EAE5198A2A01738600EF23B7 /* HSRPizzaHelper.xcdatamodeld */ = {
			isa = XCVersionGroup;
			children = (
				EAE5198B2A01738600EF23B7 /* HSRPizzaHelper.xcdatamodel */,
			);
			currentVersion = EAE5198B2A01738600EF23B7 /* HSRPizzaHelper.xcdatamodel */;
			path = HSRPizzaHelper.xcdatamodeld;
			sourceTree = "<group>";
			versionGroupType = wrapper.xcdatamodel;
		};
/* End XCVersionGroup section */
	};
	rootObject = EAE519742A01738600EF23B7 /* Project object */;
}
